
Microsoft Visual Studio Solution File, Format Version 12.00
# Visual Studio 15
VisualStudioVersion = 15.0.26403.7
MinimumVisualStudioVersion = 10.0.40219.1
Project("{FAE04EC0-301F-11D3-BF4B-00C04F79EFBC}") = "GroupM.Content.Domain.Test", "GroupM.Content.Domain.Test\GroupM.Content.Domain.Test.csproj", "{6BEFB193-14BB-455D-BA58-B23058785BB1}"
EndProject
Project("{FAE04EC0-301F-11D3-BF4B-00C04F79EFBC}") = "GroupM.Content.Persistence", "GroupM.Content.Persistence\GroupM.Content.Persistence.csproj", "{EFEE77E3-66C1-4B07-88B5-6AE3717FC445}"
EndProject
Project("{FAE04EC0-301F-11D3-BF4B-00C04F79EFBC}") = "GroupM.Content.Domain", "GroupM.Content.Domain\GroupM.Content.Domain.csproj", "{CE3F35D9-7E2B-4A6B-BEFC-57B5641A6E14}"
EndProject
Project("{2150E333-8FDC-42A3-9474-1A3956D46DE8}") = "Tests", "Tests", "{B3EB3E2F-8831-44E4-96AE-06530EB0AF2A}"
EndProject
Project("{FAE04EC0-301F-11D3-BF4B-00C04F79EFBC}") = "GroupM.Content.App", "GroupM.Content.App\GroupM.Content.App.csproj", "{632F951B-CDE7-4672-A5F4-10BA82B50B74}"
EndProject
Project("{FAE04EC0-301F-11D3-BF4B-00C04F79EFBC}") = "GroupM.Content.Entities", "GroupM.Content.Entities\GroupM.Content.Entities.csproj", "{AD8E9D24-209A-4900-AEB0-3A0705659D74}"
EndProject
Project("{FAE04EC0-301F-11D3-BF4B-00C04F79EFBC}") = "GroupM.Content.Persistence.Test", "GroupM.Content.Persistence.Test\GroupM.Content.Persistence.Test.csproj", "{8B1CB365-59F6-4FB5-866F-5BA8535A72CF}"
EndProject
Global
	GlobalSection(SolutionConfigurationPlatforms) = preSolution
		Debug|Any CPU = Debug|Any CPU
		Release|Any CPU = Release|Any CPU
	EndGlobalSection
	GlobalSection(ProjectConfigurationPlatforms) = postSolution
		{6BEFB193-14BB-455D-BA58-B23058785BB1}.Debug|Any CPU.ActiveCfg = Debug|Any CPU
		{6BEFB193-14BB-455D-BA58-B23058785BB1}.Debug|Any CPU.Build.0 = Debug|Any CPU
		{6BEFB193-14BB-455D-BA58-B23058785BB1}.Release|Any CPU.ActiveCfg = Release|Any CPU
		{6BEFB193-14BB-455D-BA58-B23058785BB1}.Release|Any CPU.Build.0 = Release|Any CPU
		{EFEE77E3-66C1-4B07-88B5-6AE3717FC445}.Debug|Any CPU.ActiveCfg = Debug|Any CPU
		{EFEE77E3-66C1-4B07-88B5-6AE3717FC445}.Debug|Any CPU.Build.0 = Debug|Any CPU
		{EFEE77E3-66C1-4B07-88B5-6AE3717FC445}.Release|Any CPU.ActiveCfg = Release|Any CPU
		{EFEE77E3-66C1-4B07-88B5-6AE3717FC445}.Release|Any CPU.Build.0 = Release|Any CPU
		{CE3F35D9-7E2B-4A6B-BEFC-57B5641A6E14}.Debug|Any CPU.ActiveCfg = Debug|Any CPU
		{CE3F35D9-7E2B-4A6B-BEFC-57B5641A6E14}.Debug|Any CPU.Build.0 = Debug|Any CPU
		{CE3F35D9-7E2B-4A6B-BEFC-57B5641A6E14}.Release|Any CPU.ActiveCfg = Release|Any CPU
		{CE3F35D9-7E2B-4A6B-BEFC-57B5641A6E14}.Release|Any CPU.Build.0 = Release|Any CPU
		{632F951B-CDE7-4672-A5F4-10BA82B50B74}.Debug|Any CPU.ActiveCfg = Debug|Any CPU
		{632F951B-CDE7-4672-A5F4-10BA82B50B74}.Debug|Any CPU.Build.0 = Debug|Any CPU
		{632F951B-CDE7-4672-A5F4-10BA82B50B74}.Release|Any CPU.ActiveCfg = Release|Any CPU
		{632F951B-CDE7-4672-A5F4-10BA82B50B74}.Release|Any CPU.Build.0 = Release|Any CPU
		{AD8E9D24-209A-4900-AEB0-3A0705659D74}.Debug|Any CPU.ActiveCfg = Debug|Any CPU
		{AD8E9D24-209A-4900-AEB0-3A0705659D74}.Debug|Any CPU.Build.0 = Debug|Any CPU
		{AD8E9D24-209A-4900-AEB0-3A0705659D74}.Release|Any CPU.ActiveCfg = Release|Any CPU
		{AD8E9D24-209A-4900-AEB0-3A0705659D74}.Release|Any CPU.Build.0 = Release|Any CPU
		{8B1CB365-59F6-4FB5-866F-5BA8535A72CF}.Debug|Any CPU.ActiveCfg = Debug|Any CPU
		{8B1CB365-59F6-4FB5-866F-5BA8535A72CF}.Debug|Any CPU.Build.0 = Debug|Any CPU
		{8B1CB365-59F6-4FB5-866F-5BA8535A72CF}.Release|Any CPU.ActiveCfg = Release|Any CPU
		{8B1CB365-59F6-4FB5-866F-5BA8535A72CF}.Release|Any CPU.Build.0 = Release|Any CPU
	EndGlobalSection
	GlobalSection(SolutionProperties) = preSolution
		HideSolutionNode = FALSE
	EndGlobalSection
	GlobalSection(NestedProjects) = preSolution
		{6BEFB193-14BB-455D-BA58-B23058785BB1} = {B3EB3E2F-8831-44E4-96AE-06530EB0AF2A}
		{8B1CB365-59F6-4FB5-866F-5BA8535A72CF} = {B3EB3E2F-8831-44E4-96AE-06530EB0AF2A}
	EndGlobalSection
EndGlobal
